// !$*UTF8*$!
{
	archiveVersion = 1;
	classes = {
	};
	objectVersion = 50;
	objects = {

/* Begin PBXBuildFile section */
		F0BAA48522B954F2001BC6B7 /* AppDelegate.swift in Sources */ = {isa = PBXBuildFile; fileRef = F0BAA48422B954F2001BC6B7 /* AppDelegate.swift */; };
		F0BAA48722B954F2001BC6B7 /* ViewController.swift in Sources */ = {isa = PBXBuildFile; fileRef = F0BAA48622B954F2001BC6B7 /* ViewController.swift */; };
		F0BAA48A22B954F2001BC6B7 /* Main.storyboard in Resources */ = {isa = PBXBuildFile; fileRef = F0BAA48822B954F2001BC6B7 /* Main.storyboard */; };
		F0BAA48C22B954F5001BC6B7 /* Assets.xcassets in Resources */ = {isa = PBXBuildFile; fileRef = F0BAA48B22B954F5001BC6B7 /* Assets.xcassets */; };
		F0BAA48F22B954F5001BC6B7 /* LaunchScreen.storyboard in Resources */ = {isa = PBXBuildFile; fileRef = F0BAA48D22B954F5001BC6B7 /* LaunchScreen.storyboard */; };
		F0BAA49A22B954F5001BC6B7 /* SetGameTests.swift in Sources */ = {isa = PBXBuildFile; fileRef = F0BAA49922B954F5001BC6B7 /* SetGameTests.swift */; };
		F0BAA4A522B954F5001BC6B7 /* SetGameUITests.swift in Sources */ = {isa = PBXBuildFile; fileRef = F0BAA4A422B954F5001BC6B7 /* SetGameUITests.swift */; };
/* End PBXBuildFile section */

/* Begin PBXContainerItemProxy section */
		F0BAA49622B954F5001BC6B7 /* PBXContainerItemProxy */ = {
			isa = PBXContainerItemProxy;
			containerPortal = F0BAA47922B954F2001BC6B7 /* Project object */;
			proxyType = 1;
			remoteGlobalIDString = F0BAA48022B954F2001BC6B7;
			remoteInfo = SetGame;
		};
		F0BAA4A122B954F5001BC6B7 /* PBXContainerItemProxy */ = {
			isa = PBXContainerItemProxy;
			containerPortal = F0BAA47922B954F2001BC6B7 /* Project object */;
			proxyType = 1;
			remoteGlobalIDString = F0BAA48022B954F2001BC6B7;
			remoteInfo = SetGame;
		};
/* End PBXContainerItemProxy section */

/* Begin PBXFileReference section */
		F0BAA48122B954F2001BC6B7 /* SetGame.app */ = {isa = PBXFileReference; explicitFileType = wrapper.application; includeInIndex = 0; path = SetGame.app; sourceTree = BUILT_PRODUCTS_DIR; };
		F0BAA48422B954F2001BC6B7 /* AppDelegate.swift */ = {isa = PBXFileReference; lastKnownFileType = sourcecode.swift; path = AppDelegate.swift; sourceTree = "<group>"; };
		F0BAA48622B954F2001BC6B7 /* ViewController.swift */ = {isa = PBXFileReference; lastKnownFileType = sourcecode.swift; path = ViewController.swift; sourceTree = "<group>"; };
		F0BAA48922B954F2001BC6B7 /* Base */ = {isa = PBXFileReference; lastKnownFileType = file.storyboard; name = Base; path = Base.lproj/Main.storyboard; sourceTree = "<group>"; };
		F0BAA48B22B954F5001BC6B7 /* Assets.xcassets */ = {isa = PBXFileReference; lastKnownFileType = folder.assetcatalog; path = Assets.xcassets; sourceTree = "<group>"; };
		F0BAA48E22B954F5001BC6B7 /* Base */ = {isa = PBXFileReference; lastKnownFileType = file.storyboard; name = Base; path = Base.lproj/LaunchScreen.storyboard; sourceTree = "<group>"; };
		F0BAA49022B954F5001BC6B7 /* Info.plist */ = {isa = PBXFileReference; lastKnownFileType = text.plist.xml; path = Info.plist; sourceTree = "<group>"; };
		F0BAA49522B954F5001BC6B7 /* SetGameTests.xctest */ = {isa = PBXFileReference; explicitFileType = wrapper.cfbundle; includeInIndex = 0; path = SetGameTests.xctest; sourceTree = BUILT_PRODUCTS_DIR; };
		F0BAA49922B954F5001BC6B7 /* SetGameTests.swift */ = {isa = PBXFileReference; lastKnownFileType = sourcecode.swift; path = SetGameTests.swift; sourceTree = "<group>"; };
		F0BAA49B22B954F5001BC6B7 /* Info.plist */ = {isa = PBXFileReference; lastKnownFileType = text.plist.xml; path = Info.plist; sourceTree = "<group>"; };
		F0BAA4A022B954F5001BC6B7 /* SetGameUITests.xctest */ = {isa = PBXFileReference; explicitFileType = wrapper.cfbundle; includeInIndex = 0; path = SetGameUITests.xctest; sourceTree = BUILT_PRODUCTS_DIR; };
		F0BAA4A422B954F5001BC6B7 /* SetGameUITests.swift */ = {isa = PBXFileReference; lastKnownFileType = sourcecode.swift; path = SetGameUITests.swift; sourceTree = "<group>"; };
		F0BAA4A622B954F5001BC6B7 /* Info.plist */ = {isa = PBXFileReference; lastKnownFileType = text.plist.xml; path = Info.plist; sourceTree = "<group>"; };
/* End PBXFileReference section */

/* Begin PBXFrameworksBuildPhase section */
		F0BAA47E22B954F2001BC6B7 /* Frameworks */ = {
			isa = PBXFrameworksBuildPhase;
			buildActionMask = 2147483647;
			files = (
			);
			runOnlyForDeploymentPostprocessing = 0;
		};
		F0BAA49222B954F5001BC6B7 /* Frameworks */ = {
			isa = PBXFrameworksBuildPhase;
			buildActionMask = 2147483647;
			files = (
			);
			runOnlyForDeploymentPostprocessing = 0;
		};
		F0BAA49D22B954F5001BC6B7 /* Frameworks */ = {
			isa = PBXFrameworksBuildPhase;
			buildActionMask = 2147483647;
			files = (
			);
			runOnlyForDeploymentPostprocessing = 0;
		};
/* End PBXFrameworksBuildPhase section */

/* Begin PBXGroup section */
		F0BAA47822B954F2001BC6B7 = {
			isa = PBXGroup;
			children = (
				F0BAA48322B954F2001BC6B7 /* SetGame */,
				F0BAA49822B954F5001BC6B7 /* SetGameTests */,
				F0BAA4A322B954F5001BC6B7 /* SetGameUITests */,
				F0BAA48222B954F2001BC6B7 /* Products */,
			);
			sourceTree = "<group>";
		};
		F0BAA48222B954F2001BC6B7 /* Products */ = {
			isa = PBXGroup;
			children = (
				F0BAA48122B954F2001BC6B7 /* SetGame.app */,
				F0BAA49522B954F5001BC6B7 /* SetGameTests.xctest */,
				F0BAA4A022B954F5001BC6B7 /* SetGameUITests.xctest */,
			);
			name = Products;
			sourceTree = "<group>";
		};
		F0BAA48322B954F2001BC6B7 /* SetGame */ = {
			isa = PBXGroup;
			children = (
				F0BAA48422B954F2001BC6B7 /* AppDelegate.swift */,
				F0BAA48622B954F2001BC6B7 /* ViewController.swift */,
				F0BAA48822B954F2001BC6B7 /* Main.storyboard */,
				F0BAA48B22B954F5001BC6B7 /* Assets.xcassets */,
				F0BAA48D22B954F5001BC6B7 /* LaunchScreen.storyboard */,
				F0BAA49022B954F5001BC6B7 /* Info.plist */,
			);
			path = SetGame;
			sourceTree = "<group>";
		};
		F0BAA49822B954F5001BC6B7 /* SetGameTests */ = {
			isa = PBXGroup;
			children = (
				F0BAA49922B954F5001BC6B7 /* SetGameTests.swift */,
				F0BAA49B22B954F5001BC6B7 /* Info.plist */,
			);
			path = SetGameTests;
			sourceTree = "<group>";
		};
		F0BAA4A322B954F5001BC6B7 /* SetGameUITests */ = {
			isa = PBXGroup;
			children = (
				F0BAA4A422B954F5001BC6B7 /* SetGameUITests.swift */,
				F0BAA4A622B954F5001BC6B7 /* Info.plist */,
			);
			path = SetGameUITests;
			sourceTree = "<group>";
		};
/* End PBXGroup section */

/* Begin PBXNativeTarget section */
		F0BAA48022B954F2001BC6B7 /* SetGame */ = {
			isa = PBXNativeTarget;
			buildConfigurationList = F0BAA4A922B954F5001BC6B7 /* Build configuration list for PBXNativeTarget "SetGame" */;
			buildPhases = (
				F0BAA47D22B954F2001BC6B7 /* Sources */,
				F0BAA47E22B954F2001BC6B7 /* Frameworks */,
				F0BAA47F22B954F2001BC6B7 /* Resources */,
			);
			buildRules = (
			);
			dependencies = (
			);
			name = SetGame;
			productName = SetGame;
			productReference = F0BAA48122B954F2001BC6B7 /* SetGame.app */;
			productType = "com.apple.product-type.application";
		};
		F0BAA49422B954F5001BC6B7 /* SetGameTests */ = {
			isa = PBXNativeTarget;
			buildConfigurationList = F0BAA4AC22B954F5001BC6B7 /* Build configuration list for PBXNativeTarget "SetGameTests" */;
			buildPhases = (
				F0BAA49122B954F5001BC6B7 /* Sources */,
				F0BAA49222B954F5001BC6B7 /* Frameworks */,
				F0BAA49322B954F5001BC6B7 /* Resources */,
			);
			buildRules = (
			);
			dependencies = (
				F0BAA49722B954F5001BC6B7 /* PBXTargetDependency */,
			);
			name = SetGameTests;
			productName = SetGameTests;
			productReference = F0BAA49522B954F5001BC6B7 /* SetGameTests.xctest */;
			productType = "com.apple.product-type.bundle.unit-test";
		};
		F0BAA49F22B954F5001BC6B7 /* SetGameUITests */ = {
			isa = PBXNativeTarget;
			buildConfigurationList = F0BAA4AF22B954F5001BC6B7 /* Build configuration list for PBXNativeTarget "SetGameUITests" */;
			buildPhases = (
				F0BAA49C22B954F5001BC6B7 /* Sources */,
				F0BAA49D22B954F5001BC6B7 /* Frameworks */,
				F0BAA49E22B954F5001BC6B7 /* Resources */,
			);
			buildRules = (
			);
			dependencies = (
				F0BAA4A222B954F5001BC6B7 /* PBXTargetDependency */,
			);
			name = SetGameUITests;
			productName = SetGameUITests;
			productReference = F0BAA4A022B954F5001BC6B7 /* SetGameUITests.xctest */;
			productType = "com.apple.product-type.bundle.ui-testing";
		};
/* End PBXNativeTarget section */

/* Begin PBXProject section */
		F0BAA47922B954F2001BC6B7 /* Project object */ = {
			isa = PBXProject;
			attributes = {
				LastSwiftUpdateCheck = 1020;
				LastUpgradeCheck = 1020;
				ORGANIZATIONNAME = "Antonio J Rossi";
				TargetAttributes = {
					F0BAA48022B954F2001BC6B7 = {
						CreatedOnToolsVersion = 10.2.1;
					};
					F0BAA49422B954F5001BC6B7 = {
						CreatedOnToolsVersion = 10.2.1;
						TestTargetID = F0BAA48022B954F2001BC6B7;
					};
					F0BAA49F22B954F5001BC6B7 = {
						CreatedOnToolsVersion = 10.2.1;
						TestTargetID = F0BAA48022B954F2001BC6B7;
					};
				};
			};
			buildConfigurationList = F0BAA47C22B954F2001BC6B7 /* Build configuration list for PBXProject "SetGame" */;
			compatibilityVersion = "Xcode 9.3";
			developmentRegion = en;
			hasScannedForEncodings = 0;
			knownRegions = (
				en,
				Base,
			);
			mainGroup = F0BAA47822B954F2001BC6B7;
			productRefGroup = F0BAA48222B954F2001BC6B7 /* Products */;
			projectDirPath = "";
			projectRoot = "";
			targets = (
				F0BAA48022B954F2001BC6B7 /* SetGame */,
				F0BAA49422B954F5001BC6B7 /* SetGameTests */,
				F0BAA49F22B954F5001BC6B7 /* SetGameUITests */,
			);
		};
/* End PBXProject section */

/* Begin PBXResourcesBuildPhase section */
		F0BAA47F22B954F2001BC6B7 /* Resources */ = {
			isa = PBXResourcesBuildPhase;
			buildActionMask = 2147483647;
			files = (
				F0BAA48F22B954F5001BC6B7 /* LaunchScreen.storyboard in Resources */,
				F0BAA48C22B954F5001BC6B7 /* Assets.xcassets in Resources */,
				F0BAA48A22B954F2001BC6B7 /* Main.storyboard in Resources */,
			);
			runOnlyForDeploymentPostprocessing = 0;
		};
		F0BAA49322B954F5001BC6B7 /* Resources */ = {
			isa = PBXResourcesBuildPhase;
			buildActionMask = 2147483647;
			files = (
			);
			runOnlyForDeploymentPostprocessing = 0;
		};
		F0BAA49E22B954F5001BC6B7 /* Resources */ = {
			isa = PBXResourcesBuildPhase;
			buildActionMask = 2147483647;
			files = (
			);
			runOnlyForDeploymentPostprocessing = 0;
		};
/* End PBXResourcesBuildPhase section */

/* Begin PBXSourcesBuildPhase section */
		F0BAA47D22B954F2001BC6B7 /* Sources */ = {
			isa = PBXSourcesBuildPhase;
			buildActionMask = 2147483647;
			files = (
				F0BAA48722B954F2001BC6B7 /* ViewController.swift in Sources */,
				F0BAA48522B954F2001BC6B7 /* AppDelegate.swift in Sources */,
			);
			runOnlyForDeploymentPostprocessing = 0;
		};
		F0BAA49122B954F5001BC6B7 /* Sources */ = {
			isa = PBXSourcesBuildPhase;
			buildActionMask = 2147483647;
			files = (
				F0BAA49A22B954F5001BC6B7 /* SetGameTests.swift in Sources */,
			);
			runOnlyForDeploymentPostprocessing = 0;
		};
		F0BAA49C22B954F5001BC6B7 /* Sources */ = {
			isa = PBXSourcesBuildPhase;
			buildActionMask = 2147483647;
			files = (
				F0BAA4A522B954F5001BC6B7 /* SetGameUITests.swift in Sources */,
			);
			runOnlyForDeploymentPostprocessing = 0;
		};
/* End PBXSourcesBuildPhase section */

/* Begin PBXTargetDependency section */
		F0BAA49722B954F5001BC6B7 /* PBXTargetDependency */ = {
			isa = PBXTargetDependency;
			target = F0BAA48022B954F2001BC6B7 /* SetGame */;
			targetProxy = F0BAA49622B954F5001BC6B7 /* PBXContainerItemProxy */;
		};
		F0BAA4A222B954F5001BC6B7 /* PBXTargetDependency */ = {
			isa = PBXTargetDependency;
			target = F0BAA48022B954F2001BC6B7 /* SetGame */;
			targetProxy = F0BAA4A122B954F5001BC6B7 /* PBXContainerItemProxy */;
		};
/* End PBXTargetDependency section */

/* Begin PBXVariantGroup section */
		F0BAA48822B954F2001BC6B7 /* Main.storyboard */ = {
			isa = PBXVariantGroup;
			children = (
				F0BAA48922B954F2001BC6B7 /* Base */,
			);
			name = Main.storyboard;
			sourceTree = "<group>";
		};
		F0BAA48D22B954F5001BC6B7 /* LaunchScreen.storyboard */ = {
			isa = PBXVariantGroup;
			children = (
				F0BAA48E22B954F5001BC6B7 /* Base */,
			);
			name = LaunchScreen.storyboard;
			sourceTree = "<group>";
		};
/* End PBXVariantGroup section */

/* Begin XCBuildConfiguration section */
		F0BAA4A722B954F5001BC6B7 /* Debug */ = {
			isa = XCBuildConfiguration;
			buildSettings = {
				ALWAYS_SEARCH_USER_PATHS = NO;
				CLANG_ANALYZER_NONNULL = YES;
				CLANG_ANALYZER_NUMBER_OBJECT_CONVERSION = YES_AGGRESSIVE;
				CLANG_CXX_LANGUAGE_STANDARD = "gnu++14";
				CLANG_CXX_LIBRARY = "libc++";
				CLANG_ENABLE_MODULES = YES;
				CLANG_ENABLE_OBJC_ARC = YES;
				CLANG_ENABLE_OBJC_WEAK = YES;
				CLANG_WARN_BLOCK_CAPTURE_AUTORELEASING = YES;
				CLANG_WARN_BOOL_CONVERSION = YES;
				CLANG_WARN_COMMA = YES;
				CLANG_WARN_CONSTANT_CONVERSION = YES;
				CLANG_WARN_DEPRECATED_OBJC_IMPLEMENTATIONS = YES;
				CLANG_WARN_DIRECT_OBJC_ISA_USAGE = YES_ERROR;
				CLANG_WARN_DOCUMENTATION_COMMENTS = YES;
				CLANG_WARN_EMPTY_BODY = YES;
				CLANG_WARN_ENUM_CONVERSION = YES;
				CLANG_WARN_INFINITE_RECURSION = YES;
				CLANG_WARN_INT_CONVERSION = YES;
				CLANG_WARN_NON_LITERAL_NULL_CONVERSION = YES;
				CLANG_WARN_OBJC_IMPLICIT_RETAIN_SELF = YES;
				CLANG_WARN_OBJC_LITERAL_CONVERSION = YES;
				CLANG_WARN_OBJC_ROOT_CLASS = YES_ERROR;
				CLANG_WARN_RANGE_LOOP_ANALYSIS = YES;
				CLANG_WARN_STRICT_PROTOTYPES = YES;
				CLANG_WARN_SUSPICIOUS_MOVE = YES;
				CLANG_WARN_UNGUARDED_AVAILABILITY = YES_AGGRESSIVE;
				CLANG_WARN_UNREACHABLE_CODE = YES;
				CLANG_WARN__DUPLICATE_METHOD_MATCH = YES;
				CODE_SIGN_IDENTITY = "iPhone Developer";
				COPY_PHASE_STRIP = NO;
				DEBUG_INFORMATION_FORMAT = dwarf;
				ENABLE_STRICT_OBJC_MSGSEND = YES;
				ENABLE_TESTABILITY = YES;
				GCC_C_LANGUAGE_STANDARD = gnu11;
				GCC_DYNAMIC_NO_PIC = NO;
				GCC_NO_COMMON_BLOCKS = YES;
				GCC_OPTIMIZATION_LEVEL = 0;
				GCC_PREPROCESSOR_DEFINITIONS = (
					"DEBUG=1",
					"$(inherited)",
				);
				GCC_WARN_64_TO_32_BIT_CONVERSION = YES;
				GCC_WARN_ABOUT_RETURN_TYPE = YES_ERROR;
				GCC_WARN_UNDECLARED_SELECTOR = YES;
				GCC_WARN_UNINITIALIZED_AUTOS = YES_AGGRESSIVE;
				GCC_WARN_UNUSED_FUNCTION = YES;
				GCC_WARN_UNUSED_VARIABLE = YES;
				IPHONEOS_DEPLOYMENT_TARGET = 12.2;
				MTL_ENABLE_DEBUG_INFO = INCLUDE_SOURCE;
				MTL_FAST_MATH = YES;
				ONLY_ACTIVE_ARCH = YES;
				SDKROOT = iphoneos;
				SWIFT_ACTIVE_COMPILATION_CONDITIONS = DEBUG;
				SWIFT_OPTIMIZATION_LEVEL = "-Onone";
			};
			name = Debug;
		};
		F0BAA4A822B954F5001BC6B7 /* Release */ = {
			isa = XCBuildConfiguration;
			buildSettings = {
				ALWAYS_SEARCH_USER_PATHS = NO;
				CLANG_ANALYZER_NONNULL = YES;
				CLANG_ANALYZER_NUMBER_OBJECT_CONVERSION = YES_AGGRESSIVE;
				CLANG_CXX_LANGUAGE_STANDARD = "gnu++14";
				CLANG_CXX_LIBRARY = "libc++";
				CLANG_ENABLE_MODULES = YES;
				CLANG_ENABLE_OBJC_ARC = YES;
				CLANG_ENABLE_OBJC_WEAK = YES;
				CLANG_WARN_BLOCK_CAPTURE_AUTORELEASING = YES;
				CLANG_WARN_BOOL_CONVERSION = YES;
				CLANG_WARN_COMMA = YES;
				CLANG_WARN_CONSTANT_CONVERSION = YES;
				CLANG_WARN_DEPRECATED_OBJC_IMPLEMENTATIONS = YES;
				CLANG_WARN_DIRECT_OBJC_ISA_USAGE = YES_ERROR;
				CLANG_WARN_DOCUMENTATION_COMMENTS = YES;
				CLANG_WARN_EMPTY_BODY = YES;
				CLANG_WARN_ENUM_CONVERSION = YES;
				CLANG_WARN_INFINITE_RECURSION = YES;
				CLANG_WARN_INT_CONVERSION = YES;
				CLANG_WARN_NON_LITERAL_NULL_CONVERSION = YES;
				CLANG_WARN_OBJC_IMPLICIT_RETAIN_SELF = YES;
				CLANG_WARN_OBJC_LITERAL_CONVERSION = YES;
				CLANG_WARN_OBJC_ROOT_CLASS = YES_ERROR;
				CLANG_WARN_RANGE_LOOP_ANALYSIS = YES;
				CLANG_WARN_STRICT_PROTOTYPES = YES;
				CLANG_WARN_SUSPICIOUS_MOVE = YES;
				CLANG_WARN_UNGUARDED_AVAILABILITY = YES_AGGRESSIVE;
				CLANG_WARN_UNREACHABLE_CODE = YES;
				CLANG_WARN__DUPLICATE_METHOD_MATCH = YES;
				CODE_SIGN_IDENTITY = "iPhone Developer";
				COPY_PHASE_STRIP = NO;
				DEBUG_INFORMATION_FORMAT = "dwarf-with-dsym";
				ENABLE_NS_ASSERTIONS = NO;
				ENABLE_STRICT_OBJC_MSGSEND = YES;
				GCC_C_LANGUAGE_STANDARD = gnu11;
				GCC_NO_COMMON_BLOCKS = YES;
				GCC_WARN_64_TO_32_BIT_CONVERSION = YES;
				GCC_WARN_ABOUT_RETURN_TYPE = YES_ERROR;
				GCC_WARN_UNDECLARED_SELECTOR = YES;
				GCC_WARN_UNINITIALIZED_AUTOS = YES_AGGRESSIVE;
				GCC_WARN_UNUSED_FUNCTION = YES;
				GCC_WARN_UNUSED_VARIABLE = YES;
				IPHONEOS_DEPLOYMENT_TARGET = 12.2;
				MTL_ENABLE_DEBUG_INFO = NO;
				MTL_FAST_MATH = YES;
				SDKROOT = iphoneos;
				SWIFT_COMPILATION_MODE = wholemodule;
				SWIFT_OPTIMIZATION_LEVEL = "-O";
				VALIDATE_PRODUCT = YES;
			};
			name = Release;
		};
		F0BAA4AA22B954F5001BC6B7 /* Debug */ = {
			isa = XCBuildConfiguration;
			buildSettings = {
				ASSETCATALOG_COMPILER_APPICON_NAME = AppIcon;
				CODE_SIGN_STYLE = Automatic;
				DEVELOPMENT_TEAM = Q2857NZSUT;
				INFOPLIST_FILE = SetGame/Info.plist;
				LD_RUNPATH_SEARCH_PATHS = (
					"$(inherited)",
					"@executable_path/Frameworks",
				);
				PRODUCT_BUNDLE_IDENTIFIER = antoniojrossi.SetGame;
				PRODUCT_NAME = "$(TARGET_NAME)";
				SWIFT_VERSION = 5.0;
				TARGETED_DEVICE_FAMILY = "1,2";
			};
			name = Debug;
		};
		F0BAA4AB22B954F5001BC6B7 /* Release */ = {
			isa = XCBuildConfiguration;
			buildSettings = {
				ASSETCATALOG_COMPILER_APPICON_NAME = AppIcon;
				CODE_SIGN_STYLE = Automatic;
				DEVELOPMENT_TEAM = Q2857NZSUT;
				INFOPLIST_FILE = SetGame/Info.plist;
				LD_RUNPATH_SEARCH_PATHS = (
					"$(inherited)",
					"@executable_path/Frameworks",
				);
				PRODUCT_BUNDLE_IDENTIFIER = antoniojrossi.SetGame;
				PRODUCT_NAME = "$(TARGET_NAME)";
				SWIFT_VERSION = 5.0;
				TARGETED_DEVICE_FAMILY = "1,2";
			};
			name = Release;
		};
		F0BAA4AD22B954F5001BC6B7 /* Debug */ = {
			isa = XCBuildConfiguration;
			buildSettings = {
				ALWAYS_EMBED_SWIFT_STANDARD_LIBRARIES = YES;
				BUNDLE_LOADER = "$(TEST_HOST)";
				CODE_SIGN_STYLE = Automatic;
				DEVELOPMENT_TEAM = Q2857NZSUT;
				INFOPLIST_FILE = SetGameTests/Info.plist;
				LD_RUNPATH_SEARCH_PATHS = (
					"$(inherited)",
					"@executable_path/Frameworks",
					"@loader_path/Frameworks",
				);
				PRODUCT_BUNDLE_IDENTIFIER = antoniojrossi.SetGameTests;
				PRODUCT_NAME = "$(TARGET_NAME)";
				SWIFT_VERSION = 5.0;
				TARGETED_DEVICE_FAMILY = "1,2";
				TEST_HOST = "$(BUILT_PRODUCTS_DIR)/SetGame.app/SetGame";
			};
			name = Debug;
		};
		F0BAA4AE22B954F5001BC6B7 /* Release */ = {
			isa = XCBuildConfiguration;
			buildSettings = {
				ALWAYS_EMBED_SWIFT_STANDARD_LIBRARIES = YES;
				BUNDLE_LOADER = "$(TEST_HOST)";
				CODE_SIGN_STYLE = Automatic;
				DEVELOPMENT_TEAM = Q2857NZSUT;
				INFOPLIST_FILE = SetGameTests/Info.plist;
				LD_RUNPATH_SEARCH_PATHS = (
					"$(inherited)",
					"@executable_path/Frameworks",
					"@loader_path/Frameworks",
				);
				PRODUCT_BUNDLE_IDENTIFIER = antoniojrossi.SetGameTests;
				PRODUCT_NAME = "$(TARGET_NAME)";
				SWIFT_VERSION = 5.0;
				TARGETED_DEVICE_FAMILY = "1,2";
				TEST_HOST = "$(BUILT_PRODUCTS_DIR)/SetGame.app/SetGame";
			};
			name = Release;
		};
		F0BAA4B022B954F5001BC6B7 /* Debug */ = {
			isa = XCBuildConfiguration;
			buildSettings = {
				ALWAYS_EMBED_SWIFT_STANDARD_LIBRARIES = YES;
				CODE_SIGN_STYLE = Automatic;
				DEVELOPMENT_TEAM = Q2857NZSUT;
				INFOPLIST_FILE = SetGameUITests/Info.plist;
				LD_RUNPATH_SEARCH_PATHS = (
					"$(inherited)",
					"@executable_path/Frameworks",
					"@loader_path/Frameworks",
				);
				PRODUCT_BUNDLE_IDENTIFIER = antoniojrossi.SetGameUITests;
				PRODUCT_NAME = "$(TARGET_NAME)";
				SWIFT_VERSION = 5.0;
				TARGETED_DEVICE_FAMILY = "1,2";
				TEST_TARGET_NAME = SetGame;
			};
			name = Debug;
		};
		F0BAA4B122B954F5001BC6B7 /* Release */ = {
			isa = XCBuildConfiguration;
			buildSettings = {
				ALWAYS_EMBED_SWIFT_STANDARD_LIBRARIES = YES;
				CODE_SIGN_STYLE = Automatic;
				DEVELOPMENT_TEAM = Q2857NZSUT;
				INFOPLIST_FILE = SetGameUITests/Info.plist;
				LD_RUNPATH_SEARCH_PATHS = (
					"$(inherited)",
					"@executable_path/Frameworks",
					"@loader_path/Frameworks",
				);
				PRODUCT_BUNDLE_IDENTIFIER = antoniojrossi.SetGameUITests;
				PRODUCT_NAME = "$(TARGET_NAME)";
				SWIFT_VERSION = 5.0;
				TARGETED_DEVICE_FAMILY = "1,2";
				TEST_TARGET_NAME = SetGame;
			};
			name = Release;
		};
/* End XCBuildConfiguration section */

/* Begin XCConfigurationList section */
		F0BAA47C22B954F2001BC6B7 /* Build configuration list for PBXProject "SetGame" */ = {
			isa = XCConfigurationList;
			buildConfigurations = (
				F0BAA4A722B954F5001BC6B7 /* Debug */,
				F0BAA4A822B954F5001BC6B7 /* Release */,
			);
			defaultConfigurationIsVisible = 0;
			defaultConfigurationName = Release;
		};
		F0BAA4A922B954F5001BC6B7 /* Build configuration list for PBXNativeTarget "SetGame" */ = {
			isa = XCConfigurationList;
			buildConfigurations = (
				F0BAA4AA22B954F5001BC6B7 /* Debug */,
				F0BAA4AB22B954F5001BC6B7 /* Release */,
			);
			defaultConfigurationIsVisible = 0;
			defaultConfigurationName = Release;
		};
		F0BAA4AC22B954F5001BC6B7 /* Build configuration list for PBXNativeTarget "SetGameTests" */ = {
			isa = XCConfigurationList;
			buildConfigurations = (
				F0BAA4AD22B954F5001BC6B7 /* Debug */,
				F0BAA4AE22B954F5001BC6B7 /* Release */,
			);
			defaultConfigurationIsVisible = 0;
			defaultConfigurationName = Release;
		};
		F0BAA4AF22B954F5001BC6B7 /* Build configuration list for PBXNativeTarget "SetGameUITests" */ = {
			isa = XCConfigurationList;
			buildConfigurations = (
				F0BAA4B022B954F5001BC6B7 /* Debug */,
				F0BAA4B122B954F5001BC6B7 /* Release */,
			);
			defaultConfigurationIsVisible = 0;
			defaultConfigurationName = Release;
		};
/* End XCConfigurationList section */
	};
	rootObject = F0BAA47922B954F2001BC6B7 /* Project object */;
}
